
Microsoft Visual Studio Solution File, Format Version 12.00
# Visual Studio Version 16
VisualStudioVersion = 16.0.29519.181
MinimumVisualStudioVersion = 10.0.40219.1
Project("{FAE04EC0-301F-11D3-BF4B-00C04F79EFBC}") = "FullWPFProject.VSIX", "FullWPFProject.VSIX\FullWPFProject.VSIX.csproj", "{74C5F0F1-F56B-4D3D-9558-D087C6137561}"
EndProject
Project("{FAE04EC0-301F-11D3-BF4B-00C04F79EFBC}") = "FullWPFProjectWizard", "FullWPFProjectWizard\FullWPFProjectWizard.csproj", "{B07CFE88-D898-495C-AB1C-AE9694091706}"
EndProject
Global
	GlobalSection(SolutionConfigurationPlatforms) = preSolution
		Debug|Any CPU = Debug|Any CPU
		Release|Any CPU = Release|Any CPU
	EndGlobalSection
	GlobalSection(ProjectConfigurationPlatforms) = postSolution
		{74C5F0F1-F56B-4D3D-9558-D087C6137561}.Debug|Any CPU.ActiveCfg = Debug|Any CPU
		{74C5F0F1-F56B-4D3D-9558-D087C6137561}.Debug|Any CPU.Build.0 = Debug|Any CPU
		{74C5F0F1-F56B-4D3D-9558-D087C6137561}.Release|Any CPU.ActiveCfg = Release|Any CPU
		{74C5F0F1-F56B-4D3D-9558-D087C6137561}.Release|Any CPU.Build.0 = Release|Any CPU
		{B07CFE88-D898-495C-AB1C-AE9694091706}.Debug|Any CPU.ActiveCfg = Debug|Any CPU
		{B07CFE88-D898-495C-AB1C-AE9694091706}.Debug|Any CPU.Build.0 = Debug|Any CPU
		{B07CFE88-D898-495C-AB1C-AE9694091706}.Release|Any CPU.ActiveCfg = Release|Any CPU
		{B07CFE88-D898-495C-AB1C-AE9694091706}.Release|Any CPU.Build.0 = Release|Any CPU
	EndGlobalSection
	GlobalSection(SolutionProperties) = preSolution
		HideSolutionNode = FALSE
	EndGlobalSection
	GlobalSection(ExtensibilityGlobals) = postSolution
		SolutionGuid = {14ECCED4-B415-4DDC-AD8E-4A14B73714EA}
	EndGlobalSection
EndGlobal
